
Microsoft Visual Studio Solution File, Format Version 12.00
# Visual Studio Version 17
VisualStudioVersion = 17.0.31919.166
MinimumVisualStudioVersion = 10.0.40219.1
Project("{FAE04EC0-301F-11D3-BF4B-00C04F79EFBC}") = "GUI_for_DB", "GUI_for_DB\GUI_for_DB.csproj", "{052B083B-EE6A-4C09-8219-5CBC4E81F170}"
EndProject
Project("{9A19103F-16F7-4668-BE54-9A1E7A4F7556}") = "UnitTests", "UnitTests\UnitTests.csproj", "{5676005C-C294-4614-9374-342A62F1271D}"
EndProject
Global
	GlobalSection(SolutionConfigurationPlatforms) = preSolution
		Debug|Any CPU = Debug|Any CPU
		Release|Any CPU = Release|Any CPU
	EndGlobalSection
	GlobalSection(ProjectConfigurationPlatforms) = postSolution
		{052B083B-EE6A-4C09-8219-5CBC4E81F170}.Debug|Any CPU.ActiveCfg = Debug|Any CPU
		{052B083B-EE6A-4C09-8219-5CBC4E81F170}.Debug|Any CPU.Build.0 = Debug|Any CPU
		{052B083B-EE6A-4C09-8219-5CBC4E81F170}.Release|Any CPU.ActiveCfg = Release|Any CPU
		{052B083B-EE6A-4C09-8219-5CBC4E81F170}.Release|Any CPU.Build.0 = Release|Any CPU
		{5676005C-C294-4614-9374-342A62F1271D}.Debug|Any CPU.ActiveCfg = Debug|Any CPU
		{5676005C-C294-4614-9374-342A62F1271D}.Debug|Any CPU.Build.0 = Debug|Any CPU
		{5676005C-C294-4614-9374-342A62F1271D}.Release|Any CPU.ActiveCfg = Release|Any CPU
		{5676005C-C294-4614-9374-342A62F1271D}.Release|Any CPU.Build.0 = Release|Any CPU
	EndGlobalSection
	GlobalSection(SolutionProperties) = preSolution
		HideSolutionNode = FALSE
	EndGlobalSection
	GlobalSection(ExtensibilityGlobals) = postSolution
		SolutionGuid = {F2829192-91EF-4EA0-9047-05B9CCE6D46C}
	EndGlobalSection
EndGlobal
