
Microsoft Visual Studio Solution File, Format Version 12.00
# Visual Studio Version 17
VisualStudioVersion = 17.0.31919.166
MinimumVisualStudioVersion = 10.0.40219.1
Project("{9A19103F-16F7-4668-BE54-9A1E7A4F7556}") = "GUI_for_DB", "GUI_for_DB\GUI_for_DB.csproj", "{F787A439-BC71-47CD-BDE0-A4328DC1EF81}"
EndProject
Global
	GlobalSection(SolutionConfigurationPlatforms) = preSolution
		Debug|Any CPU = Debug|Any CPU
		Release|Any CPU = Release|Any CPU
	EndGlobalSection
	GlobalSection(ProjectConfigurationPlatforms) = postSolution
		{F787A439-BC71-47CD-BDE0-A4328DC1EF81}.Debug|Any CPU.ActiveCfg = Debug|Any CPU
		{F787A439-BC71-47CD-BDE0-A4328DC1EF81}.Debug|Any CPU.Build.0 = Debug|Any CPU
		{F787A439-BC71-47CD-BDE0-A4328DC1EF81}.Release|Any CPU.ActiveCfg = Release|Any CPU
		{F787A439-BC71-47CD-BDE0-A4328DC1EF81}.Release|Any CPU.Build.0 = Release|Any CPU
	EndGlobalSection
	GlobalSection(SolutionProperties) = preSolution
		HideSolutionNode = FALSE
	EndGlobalSection
	GlobalSection(ExtensibilityGlobals) = postSolution
		SolutionGuid = {13395EF9-F5E5-484F-A2D2-13960632EDE9}
	EndGlobalSection
EndGlobal
